// !$*UTF8*$!
{
	archiveVersion = 1;
	classes = {
	};
	objectVersion = 46;
	objects = {

/* Begin PBXBuildFile section */
		166F13CE1D54D95A00150A14 /* AppDelegate.swift in Sources */ = {isa = PBXBuildFile; fileRef = 166F13CD1D54D95A00150A14 /* AppDelegate.swift */; };
		166F13D01D54D95A00150A14 /* ViewController.swift in Sources */ = {isa = PBXBuildFile; fileRef = 166F13CF1D54D95A00150A14 /* ViewController.swift */; };
		166F13D31D54D95A00150A14 /* Main.storyboard in Resources */ = {isa = PBXBuildFile; fileRef = 166F13D11D54D95A00150A14 /* Main.storyboard */; };
		166F13D61D54D95A00150A14 /* Project_Ewok.xcdatamodeld in Sources */ = {isa = PBXBuildFile; fileRef = 166F13D41D54D95A00150A14 /* Project_Ewok.xcdatamodeld */; };
		166F13D81D54D95A00150A14 /* Assets.xcassets in Resources */ = {isa = PBXBuildFile; fileRef = 166F13D71D54D95A00150A14 /* Assets.xcassets */; };
		166F13DB1D54D95A00150A14 /* LaunchScreen.storyboard in Resources */ = {isa = PBXBuildFile; fileRef = 166F13D91D54D95A00150A14 /* LaunchScreen.storyboard */; };
		166F13E61D54D95A00150A14 /* Project_EwokTests.swift in Sources */ = {isa = PBXBuildFile; fileRef = 166F13E51D54D95A00150A14 /* Project_EwokTests.swift */; };
		166F13F11D54D95A00150A14 /* Project_EwokUITests.swift in Sources */ = {isa = PBXBuildFile; fileRef = 166F13F01D54D95A00150A14 /* Project_EwokUITests.swift */; };
		166F13FF1D54FD5200150A14 /* getData.swift in Sources */ = {isa = PBXBuildFile; fileRef = 166F13FE1D54FD5200150A14 /* getData.swift */; };
		166F14401D58CEE500150A14 /* LocationsModel.swift in Sources */ = {isa = PBXBuildFile; fileRef = 166F143F1D58CEE500150A14 /* LocationsModel.swift */; };
		166F14421D591ED800150A14 /* mapAnnotation.swift in Sources */ = {isa = PBXBuildFile; fileRef = 166F14411D591ED800150A14 /* mapAnnotation.swift */; };
		166F14481D5A1C3F00150A14 /* RegisterViewController.swift in Sources */ = {isa = PBXBuildFile; fileRef = 166F14471D5A1C3F00150A14 /* RegisterViewController.swift */; };
		166F144A1D5A1C7500150A14 /* LoginViewController.swift in Sources */ = {isa = PBXBuildFile; fileRef = 166F14491D5A1C7500150A14 /* LoginViewController.swift */; };
		166F144C1D5A1C8F00150A14 /* AccountViewController.swift in Sources */ = {isa = PBXBuildFile; fileRef = 166F144B1D5A1C8F00150A14 /* AccountViewController.swift */; };
		166F14501D5A454E00150A14 /* createLocation.swift in Sources */ = {isa = PBXBuildFile; fileRef = 166F144F1D5A454E00150A14 /* createLocation.swift */; };
		1687ED5A1D5E46D00052200B /* ReviewTableViewCell.swift in Sources */ = {isa = PBXBuildFile; fileRef = 1687ED591D5E46D00052200B /* ReviewTableViewCell.swift */; };
		1687ED5C1D5E46F10052200B /* MainContentCell.swift in Sources */ = {isa = PBXBuildFile; fileRef = 1687ED5B1D5E46F10052200B /* MainContentCell.swift */; };
		1687ED5E1D5E47840052200B /* imageHandle.swift in Sources */ = {isa = PBXBuildFile; fileRef = 1687ED5D1D5E47840052200B /* imageHandle.swift */; };
		1687ED601D5E71850052200B /* RestaurantAnnotation.swift in Sources */ = {isa = PBXBuildFile; fileRef = 1687ED5F1D5E71850052200B /* RestaurantAnnotation.swift */; };
		16AA585E1D5B6BC10091CD7B /* submissionViewController.swift in Sources */ = {isa = PBXBuildFile; fileRef = 16AA585D1D5B6BC10091CD7B /* submissionViewController.swift */; };
		16AA58601D5CFEAE0091CD7B /* ViewExtention.swift in Sources */ = {isa = PBXBuildFile; fileRef = 16AA585F1D5CFEAE0091CD7B /* ViewExtention.swift */; };
		16AA58621D5D01600091CD7B /* TableViewCell.swift in Sources */ = {isa = PBXBuildFile; fileRef = 16AA58611D5D01600091CD7B /* TableViewCell.swift */; };
		16AA58641D5D087A0091CD7B /* ResultsViewController.swift in Sources */ = {isa = PBXBuildFile; fileRef = 16AA58631D5D087A0091CD7B /* ResultsViewController.swift */; };
		16F263361D62B4D800DADC74 /* CreateReviewViewController.swift in Sources */ = {isa = PBXBuildFile; fileRef = 16F263351D62B4D800DADC74 /* CreateReviewViewController.swift */; };
		C50EFBE41D5C9D000069E49C /* GeolocationModel.swift in Sources */ = {isa = PBXBuildFile; fileRef = C50EFBE31D5C9D000069E49C /* GeolocationModel.swift */; };
		C50EFBE61D5CAE410069E49C /* ApiInterface.swift in Sources */ = {isa = PBXBuildFile; fileRef = C50EFBE51D5CAE410069E49C /* ApiInterface.swift */; };
		C53041911D5E27B800146208 /* PictureModel.swift in Sources */ = {isa = PBXBuildFile; fileRef = C53041901D5E27B800146208 /* PictureModel.swift */; };
		C53041931D5E29BF00146208 /* UIImageExtension.swift in Sources */ = {isa = PBXBuildFile; fileRef = C53041921D5E29BF00146208 /* UIImageExtension.swift */; };
		C546667F1D58F08600F4E014 /* Authenticator.swift in Sources */ = {isa = PBXBuildFile; fileRef = C546667E1D58F08600F4E014 /* Authenticator.swift */; };
		C54666811D59002800F4E014 /* RequestMaker.swift in Sources */ = {isa = PBXBuildFile; fileRef = C54666801D59002800F4E014 /* RequestMaker.swift */; };
		C5EF41291D5B981B00769E5C /* UserModel.swift in Sources */ = {isa = PBXBuildFile; fileRef = C5EF41281D5B981B00769E5C /* UserModel.swift */; };
		C5EF412B1D5B99FA00769E5C /* ReviewModel.swift in Sources */ = {isa = PBXBuildFile; fileRef = C5EF412A1D5B99FA00769E5C /* ReviewModel.swift */; };
		C5FDAE971D6231C900B10AAA /* Requester.swift in Sources */ = {isa = PBXBuildFile; fileRef = C5FDAE961D6231C900B10AAA /* Requester.swift */; };
/* End PBXBuildFile section */

/* Begin PBXContainerItemProxy section */
		166F13E21D54D95A00150A14 /* PBXContainerItemProxy */ = {
			isa = PBXContainerItemProxy;
			containerPortal = 166F13C21D54D95A00150A14 /* Project object */;
			proxyType = 1;
			remoteGlobalIDString = 166F13C91D54D95A00150A14;
			remoteInfo = "Project Ewok";
		};
		166F13ED1D54D95A00150A14 /* PBXContainerItemProxy */ = {
			isa = PBXContainerItemProxy;
			containerPortal = 166F13C21D54D95A00150A14 /* Project object */;
			proxyType = 1;
			remoteGlobalIDString = 166F13C91D54D95A00150A14;
			remoteInfo = "Project Ewok";
		};
/* End PBXContainerItemProxy section */

/* Begin PBXFileReference section */
		166F13CA1D54D95A00150A14 /* Project Ewok.app */ = {isa = PBXFileReference; explicitFileType = wrapper.application; includeInIndex = 0; path = "Project Ewok.app"; sourceTree = BUILT_PRODUCTS_DIR; };
		166F13CD1D54D95A00150A14 /* AppDelegate.swift */ = {isa = PBXFileReference; lastKnownFileType = sourcecode.swift; path = AppDelegate.swift; sourceTree = "<group>"; };
		166F13CF1D54D95A00150A14 /* ViewController.swift */ = {isa = PBXFileReference; lastKnownFileType = sourcecode.swift; path = ViewController.swift; sourceTree = "<group>"; };
		166F13D21D54D95A00150A14 /* Base */ = {isa = PBXFileReference; lastKnownFileType = file.storyboard; name = Base; path = Base.lproj/Main.storyboard; sourceTree = "<group>"; };
		166F13D51D54D95A00150A14 /* Project_Ewok.xcdatamodel */ = {isa = PBXFileReference; lastKnownFileType = wrapper.xcdatamodel; path = Project_Ewok.xcdatamodel; sourceTree = "<group>"; };
		166F13D71D54D95A00150A14 /* Assets.xcassets */ = {isa = PBXFileReference; lastKnownFileType = folder.assetcatalog; path = Assets.xcassets; sourceTree = "<group>"; };
		166F13DA1D54D95A00150A14 /* Base */ = {isa = PBXFileReference; lastKnownFileType = file.storyboard; name = Base; path = Base.lproj/LaunchScreen.storyboard; sourceTree = "<group>"; };
		166F13DC1D54D95A00150A14 /* Info.plist */ = {isa = PBXFileReference; lastKnownFileType = text.plist.xml; path = Info.plist; sourceTree = "<group>"; };
		166F13E11D54D95A00150A14 /* Project EwokTests.xctest */ = {isa = PBXFileReference; explicitFileType = wrapper.cfbundle; includeInIndex = 0; path = "Project EwokTests.xctest"; sourceTree = BUILT_PRODUCTS_DIR; };
		166F13E51D54D95A00150A14 /* Project_EwokTests.swift */ = {isa = PBXFileReference; lastKnownFileType = sourcecode.swift; path = Project_EwokTests.swift; sourceTree = "<group>"; };
		166F13E71D54D95A00150A14 /* Info.plist */ = {isa = PBXFileReference; lastKnownFileType = text.plist.xml; path = Info.plist; sourceTree = "<group>"; };
		166F13EC1D54D95A00150A14 /* Project EwokUITests.xctest */ = {isa = PBXFileReference; explicitFileType = wrapper.cfbundle; includeInIndex = 0; path = "Project EwokUITests.xctest"; sourceTree = BUILT_PRODUCTS_DIR; };
		166F13F01D54D95A00150A14 /* Project_EwokUITests.swift */ = {isa = PBXFileReference; lastKnownFileType = sourcecode.swift; path = Project_EwokUITests.swift; sourceTree = "<group>"; };
		166F13F21D54D95A00150A14 /* Info.plist */ = {isa = PBXFileReference; lastKnownFileType = text.plist.xml; path = Info.plist; sourceTree = "<group>"; };
		166F13FE1D54FD5200150A14 /* getData.swift */ = {isa = PBXFileReference; fileEncoding = 4; lastKnownFileType = sourcecode.swift; path = getData.swift; sourceTree = "<group>"; };
		166F143F1D58CEE500150A14 /* LocationsModel.swift */ = {isa = PBXFileReference; fileEncoding = 4; lastKnownFileType = sourcecode.swift; path = LocationsModel.swift; sourceTree = "<group>"; };
		166F14411D591ED800150A14 /* mapAnnotation.swift */ = {isa = PBXFileReference; fileEncoding = 4; lastKnownFileType = sourcecode.swift; path = mapAnnotation.swift; sourceTree = "<group>"; };
		166F14471D5A1C3F00150A14 /* RegisterViewController.swift */ = {isa = PBXFileReference; fileEncoding = 4; lastKnownFileType = sourcecode.swift; path = RegisterViewController.swift; sourceTree = "<group>"; };
		166F14491D5A1C7500150A14 /* LoginViewController.swift */ = {isa = PBXFileReference; fileEncoding = 4; lastKnownFileType = sourcecode.swift; path = LoginViewController.swift; sourceTree = "<group>"; };
		166F144B1D5A1C8F00150A14 /* AccountViewController.swift */ = {isa = PBXFileReference; fileEncoding = 4; lastKnownFileType = sourcecode.swift; path = AccountViewController.swift; sourceTree = "<group>"; };
		166F144F1D5A454E00150A14 /* createLocation.swift */ = {isa = PBXFileReference; fileEncoding = 4; lastKnownFileType = sourcecode.swift; path = createLocation.swift; sourceTree = "<group>"; };
		1687ED591D5E46D00052200B /* ReviewTableViewCell.swift */ = {isa = PBXFileReference; fileEncoding = 4; lastKnownFileType = sourcecode.swift; path = ReviewTableViewCell.swift; sourceTree = "<group>"; };
		1687ED5B1D5E46F10052200B /* MainContentCell.swift */ = {isa = PBXFileReference; fileEncoding = 4; lastKnownFileType = sourcecode.swift; path = MainContentCell.swift; sourceTree = "<group>"; };
		1687ED5D1D5E47840052200B /* imageHandle.swift */ = {isa = PBXFileReference; fileEncoding = 4; lastKnownFileType = sourcecode.swift; path = imageHandle.swift; sourceTree = "<group>"; };
		1687ED5F1D5E71850052200B /* RestaurantAnnotation.swift */ = {isa = PBXFileReference; fileEncoding = 4; lastKnownFileType = sourcecode.swift; path = RestaurantAnnotation.swift; sourceTree = "<group>"; };
		16AA585D1D5B6BC10091CD7B /* submissionViewController.swift */ = {isa = PBXFileReference; fileEncoding = 4; lastKnownFileType = sourcecode.swift; path = submissionViewController.swift; sourceTree = "<group>"; };
		16AA585F1D5CFEAE0091CD7B /* ViewExtention.swift */ = {isa = PBXFileReference; fileEncoding = 4; lastKnownFileType = sourcecode.swift; name = ViewExtention.swift; path = ../ViewExtention.swift; sourceTree = "<group>"; };
		16AA58611D5D01600091CD7B /* TableViewCell.swift */ = {isa = PBXFileReference; fileEncoding = 4; lastKnownFileType = sourcecode.swift; path = TableViewCell.swift; sourceTree = "<group>"; };
		16AA58631D5D087A0091CD7B /* ResultsViewController.swift */ = {isa = PBXFileReference; fileEncoding = 4; lastKnownFileType = sourcecode.swift; name = ResultsViewController.swift; path = ../ResultsViewController.swift; sourceTree = "<group>"; };
		16F263351D62B4D800DADC74 /* CreateReviewViewController.swift */ = {isa = PBXFileReference; fileEncoding = 4; lastKnownFileType = sourcecode.swift; path = CreateReviewViewController.swift; sourceTree = "<group>"; };
		C50EFBE31D5C9D000069E49C /* GeolocationModel.swift */ = {isa = PBXFileReference; fileEncoding = 4; lastKnownFileType = sourcecode.swift; path = GeolocationModel.swift; sourceTree = "<group>"; };
		C50EFBE51D5CAE410069E49C /* ApiInterface.swift */ = {isa = PBXFileReference; fileEncoding = 4; lastKnownFileType = sourcecode.swift; path = ApiInterface.swift; sourceTree = "<group>"; };
		C53041901D5E27B800146208 /* PictureModel.swift */ = {isa = PBXFileReference; fileEncoding = 4; lastKnownFileType = sourcecode.swift; path = PictureModel.swift; sourceTree = "<group>"; };
		C53041921D5E29BF00146208 /* UIImageExtension.swift */ = {isa = PBXFileReference; fileEncoding = 4; lastKnownFileType = sourcecode.swift; path = UIImageExtension.swift; sourceTree = "<group>"; };
		C546667E1D58F08600F4E014 /* Authenticator.swift */ = {isa = PBXFileReference; fileEncoding = 4; lastKnownFileType = sourcecode.swift; path = Authenticator.swift; sourceTree = "<group>"; };
		C54666801D59002800F4E014 /* RequestMaker.swift */ = {isa = PBXFileReference; fileEncoding = 4; lastKnownFileType = sourcecode.swift; path = RequestMaker.swift; sourceTree = "<group>"; };
		C54666821D5905BC00F4E014 /* Debug.playground */ = {isa = PBXFileReference; lastKnownFileType = file.playground; path = Debug.playground; sourceTree = "<group>"; };
		C5EF41281D5B981B00769E5C /* UserModel.swift */ = {isa = PBXFileReference; fileEncoding = 4; lastKnownFileType = sourcecode.swift; path = UserModel.swift; sourceTree = "<group>"; };
		C5EF412A1D5B99FA00769E5C /* ReviewModel.swift */ = {isa = PBXFileReference; fileEncoding = 4; lastKnownFileType = sourcecode.swift; path = ReviewModel.swift; sourceTree = "<group>"; };
		C5FDAE961D6231C900B10AAA /* Requester.swift */ = {isa = PBXFileReference; fileEncoding = 4; lastKnownFileType = sourcecode.swift; path = Requester.swift; sourceTree = "<group>"; };
/* End PBXFileReference section */

/* Begin PBXFrameworksBuildPhase section */
		166F13C71D54D95A00150A14 /* Frameworks */ = {
			isa = PBXFrameworksBuildPhase;
			buildActionMask = 2147483647;
			files = (
			);
			runOnlyForDeploymentPostprocessing = 0;
		};
		166F13DE1D54D95A00150A14 /* Frameworks */ = {
			isa = PBXFrameworksBuildPhase;
			buildActionMask = 2147483647;
			files = (
			);
			runOnlyForDeploymentPostprocessing = 0;
		};
		166F13E91D54D95A00150A14 /* Frameworks */ = {
			isa = PBXFrameworksBuildPhase;
			buildActionMask = 2147483647;
			files = (
			);
			runOnlyForDeploymentPostprocessing = 0;
		};
/* End PBXFrameworksBuildPhase section */

/* Begin PBXGroup section */
		166F13C11D54D95A00150A14 = {
			isa = PBXGroup;
			children = (
				166F13CC1D54D95A00150A14 /* Project Ewok */,
				166F13E41D54D95A00150A14 /* Project EwokTests */,
				166F13EF1D54D95A00150A14 /* Project EwokUITests */,
				166F13CB1D54D95A00150A14 /* Products */,
			);
			sourceTree = "<group>";
		};
		166F13CB1D54D95A00150A14 /* Products */ = {
			isa = PBXGroup;
			children = (
				166F13CA1D54D95A00150A14 /* Project Ewok.app */,
				166F13E11D54D95A00150A14 /* Project EwokTests.xctest */,
				166F13EC1D54D95A00150A14 /* Project EwokUITests.xctest */,
			);
			name = Products;
			sourceTree = "<group>";
		};
		166F13CC1D54D95A00150A14 /* Project Ewok */ = {
			isa = PBXGroup;
			children = (
				C5FDAE951D6231A300B10AAA /* API */,
				1687ED581D5E45DA0052200B /* tableViewCells */,
				166F144E1D5A1CC600150A14 /* Models */,
				166F144D1D5A1C9400150A14 /* ViewControllers */,
				166F13CD1D54D95A00150A14 /* AppDelegate.swift */,
				1687ED5F1D5E71850052200B /* RestaurantAnnotation.swift */,
				166F13D11D54D95A00150A14 /* Main.storyboard */,
				166F13D71D54D95A00150A14 /* Assets.xcassets */,
				166F13D91D54D95A00150A14 /* LaunchScreen.storyboard */,
				166F13DC1D54D95A00150A14 /* Info.plist */,
				166F13D41D54D95A00150A14 /* Project_Ewok.xcdatamodeld */,
				166F14411D591ED800150A14 /* mapAnnotation.swift */,
				166F13FE1D54FD5200150A14 /* getData.swift */,
				C54666821D5905BC00F4E014 /* Debug.playground */,
				C53041921D5E29BF00146208 /* UIImageExtension.swift */,
				1687ED5D1D5E47840052200B /* imageHandle.swift */,
				16AA585F1D5CFEAE0091CD7B /* ViewExtention.swift */,
			);
			path = "Project Ewok";
			sourceTree = "<group>";
		};
		166F13E41D54D95A00150A14 /* Project EwokTests */ = {
			isa = PBXGroup;
			children = (
				166F13E51D54D95A00150A14 /* Project_EwokTests.swift */,
				166F13E71D54D95A00150A14 /* Info.plist */,
			);
			path = "Project EwokTests";
			sourceTree = "<group>";
		};
		166F13EF1D54D95A00150A14 /* Project EwokUITests */ = {
			isa = PBXGroup;
			children = (
				166F13F01D54D95A00150A14 /* Project_EwokUITests.swift */,
				166F13F21D54D95A00150A14 /* Info.plist */,
			);
			path = "Project EwokUITests";
			sourceTree = "<group>";
		};
		166F144D1D5A1C9400150A14 /* ViewControllers */ = {
			isa = PBXGroup;
			children = (
				16F263351D62B4D800DADC74 /* CreateReviewViewController.swift */,
				16AA58631D5D087A0091CD7B /* ResultsViewController.swift */,
				166F144F1D5A454E00150A14 /* createLocation.swift */,
				16AA585D1D5B6BC10091CD7B /* submissionViewController.swift */,
				166F13CF1D54D95A00150A14 /* ViewController.swift */,
				166F14471D5A1C3F00150A14 /* RegisterViewController.swift */,
				166F14491D5A1C7500150A14 /* LoginViewController.swift */,
				166F144B1D5A1C8F00150A14 /* AccountViewController.swift */,
			);
			name = ViewControllers;
			sourceTree = "<group>";
		};
		166F144E1D5A1CC600150A14 /* Models */ = {
			isa = PBXGroup;
			children = (
				166F143F1D58CEE500150A14 /* LocationsModel.swift */,
				C5EF41281D5B981B00769E5C /* UserModel.swift */,
				C5EF412A1D5B99FA00769E5C /* ReviewModel.swift */,
				C50EFBE31D5C9D000069E49C /* GeolocationModel.swift */,
				C53041901D5E27B800146208 /* PictureModel.swift */,
			);
			name = Models;
			sourceTree = "<group>";
		};
		1687ED581D5E45DA0052200B /* tableViewCells */ = {
			isa = PBXGroup;
			children = (
				16AA58611D5D01600091CD7B /* TableViewCell.swift */,
				1687ED591D5E46D00052200B /* ReviewTableViewCell.swift */,
				1687ED5B1D5E46F10052200B /* MainContentCell.swift */,
			);
			name = tableViewCells;
			sourceTree = "<group>";
		};
		C5FDAE951D6231A300B10AAA /* API */ = {
			isa = PBXGroup;
			children = (
				C54666801D59002800F4E014 /* RequestMaker.swift */,
				C50EFBE51D5CAE410069E49C /* ApiInterface.swift */,
				C546667E1D58F08600F4E014 /* Authenticator.swift */,
				C5FDAE961D6231C900B10AAA /* Requester.swift */,
			);
			name = API;
			sourceTree = "<group>";
		};
/* End PBXGroup section */

/* Begin PBXNativeTarget section */
		166F13C91D54D95A00150A14 /* Project Ewok */ = {
			isa = PBXNativeTarget;
			buildConfigurationList = 166F13F51D54D95A00150A14 /* Build configuration list for PBXNativeTarget "Project Ewok" */;
			buildPhases = (
				166F13C61D54D95A00150A14 /* Sources */,
				166F13C71D54D95A00150A14 /* Frameworks */,
				166F13C81D54D95A00150A14 /* Resources */,
			);
			buildRules = (
			);
			dependencies = (
			);
			name = "Project Ewok";
			productName = "Project Ewok";
			productReference = 166F13CA1D54D95A00150A14 /* Project Ewok.app */;
			productType = "com.apple.product-type.application";
		};
		166F13E01D54D95A00150A14 /* Project EwokTests */ = {
			isa = PBXNativeTarget;
			buildConfigurationList = 166F13F81D54D95A00150A14 /* Build configuration list for PBXNativeTarget "Project EwokTests" */;
			buildPhases = (
				166F13DD1D54D95A00150A14 /* Sources */,
				166F13DE1D54D95A00150A14 /* Frameworks */,
				166F13DF1D54D95A00150A14 /* Resources */,
			);
			buildRules = (
			);
			dependencies = (
				166F13E31D54D95A00150A14 /* PBXTargetDependency */,
			);
			name = "Project EwokTests";
			productName = "Project EwokTests";
			productReference = 166F13E11D54D95A00150A14 /* Project EwokTests.xctest */;
			productType = "com.apple.product-type.bundle.unit-test";
		};
		166F13EB1D54D95A00150A14 /* Project EwokUITests */ = {
			isa = PBXNativeTarget;
			buildConfigurationList = 166F13FB1D54D95A00150A14 /* Build configuration list for PBXNativeTarget "Project EwokUITests" */;
			buildPhases = (
				166F13E81D54D95A00150A14 /* Sources */,
				166F13E91D54D95A00150A14 /* Frameworks */,
				166F13EA1D54D95A00150A14 /* Resources */,
			);
			buildRules = (
			);
			dependencies = (
				166F13EE1D54D95A00150A14 /* PBXTargetDependency */,
			);
			name = "Project EwokUITests";
			productName = "Project EwokUITests";
			productReference = 166F13EC1D54D95A00150A14 /* Project EwokUITests.xctest */;
			productType = "com.apple.product-type.bundle.ui-testing";
		};
/* End PBXNativeTarget section */

/* Begin PBXProject section */
		166F13C21D54D95A00150A14 /* Project object */ = {
			isa = PBXProject;
			attributes = {
				LastSwiftUpdateCheck = 0730;
				LastUpgradeCheck = 0730;
				ORGANIZATIONNAME = ASAP;
				TargetAttributes = {
					166F13C91D54D95A00150A14 = {
						CreatedOnToolsVersion = 7.3.1;
					};
					166F13E01D54D95A00150A14 = {
						CreatedOnToolsVersion = 7.3.1;
						TestTargetID = 166F13C91D54D95A00150A14;
					};
					166F13EB1D54D95A00150A14 = {
						CreatedOnToolsVersion = 7.3.1;
						TestTargetID = 166F13C91D54D95A00150A14;
					};
				};
			};
			buildConfigurationList = 166F13C51D54D95A00150A14 /* Build configuration list for PBXProject "Project Ewok" */;
			compatibilityVersion = "Xcode 3.2";
			developmentRegion = English;
			hasScannedForEncodings = 0;
			knownRegions = (
				en,
				Base,
			);
			mainGroup = 166F13C11D54D95A00150A14;
			productRefGroup = 166F13CB1D54D95A00150A14 /* Products */;
			projectDirPath = "";
			projectRoot = "";
			targets = (
				166F13C91D54D95A00150A14 /* Project Ewok */,
				166F13E01D54D95A00150A14 /* Project EwokTests */,
				166F13EB1D54D95A00150A14 /* Project EwokUITests */,
			);
		};
/* End PBXProject section */

/* Begin PBXResourcesBuildPhase section */
		166F13C81D54D95A00150A14 /* Resources */ = {
			isa = PBXResourcesBuildPhase;
			buildActionMask = 2147483647;
			files = (
				166F13DB1D54D95A00150A14 /* LaunchScreen.storyboard in Resources */,
				166F13D81D54D95A00150A14 /* Assets.xcassets in Resources */,
				166F13D31D54D95A00150A14 /* Main.storyboard in Resources */,
			);
			runOnlyForDeploymentPostprocessing = 0;
		};
		166F13DF1D54D95A00150A14 /* Resources */ = {
			isa = PBXResourcesBuildPhase;
			buildActionMask = 2147483647;
			files = (
			);
			runOnlyForDeploymentPostprocessing = 0;
		};
		166F13EA1D54D95A00150A14 /* Resources */ = {
			isa = PBXResourcesBuildPhase;
			buildActionMask = 2147483647;
			files = (
			);
			runOnlyForDeploymentPostprocessing = 0;
		};
/* End PBXResourcesBuildPhase section */

/* Begin PBXSourcesBuildPhase section */
		166F13C61D54D95A00150A14 /* Sources */ = {
			isa = PBXSourcesBuildPhase;
			buildActionMask = 2147483647;
			files = (
				166F14401D58CEE500150A14 /* LocationsModel.swift in Sources */,
				166F14481D5A1C3F00150A14 /* RegisterViewController.swift in Sources */,
				166F144C1D5A1C8F00150A14 /* AccountViewController.swift in Sources */,
				C53041911D5E27B800146208 /* PictureModel.swift in Sources */,
				16F263361D62B4D800DADC74 /* CreateReviewViewController.swift in Sources */,
				16AA58641D5D087A0091CD7B /* ResultsViewController.swift in Sources */,
				166F14421D591ED800150A14 /* mapAnnotation.swift in Sources */,
				16AA58621D5D01600091CD7B /* TableViewCell.swift in Sources */,
				C54666811D59002800F4E014 /* RequestMaker.swift in Sources */,
				1687ED5C1D5E46F10052200B /* MainContentCell.swift in Sources */,
				C5EF412B1D5B99FA00769E5C /* ReviewModel.swift in Sources */,
				C50EFBE41D5C9D000069E49C /* GeolocationModel.swift in Sources */,
				C50EFBE61D5CAE410069E49C /* ApiInterface.swift in Sources */,
				1687ED5E1D5E47840052200B /* imageHandle.swift in Sources */,
				166F13D01D54D95A00150A14 /* ViewController.swift in Sources */,
				16AA58601D5CFEAE0091CD7B /* ViewExtention.swift in Sources */,
				166F13D61D54D95A00150A14 /* Project_Ewok.xcdatamodeld in Sources */,
				166F13FF1D54FD5200150A14 /* getData.swift in Sources */,
				C53041931D5E29BF00146208 /* UIImageExtension.swift in Sources */,
				C5EF41291D5B981B00769E5C /* UserModel.swift in Sources */,
				C5FDAE971D6231C900B10AAA /* Requester.swift in Sources */,
				1687ED601D5E71850052200B /* RestaurantAnnotation.swift in Sources */,
				166F13CE1D54D95A00150A14 /* AppDelegate.swift in Sources */,
				166F14501D5A454E00150A14 /* createLocation.swift in Sources */,
				C546667F1D58F08600F4E014 /* Authenticator.swift in Sources */,
				16AA585E1D5B6BC10091CD7B /* submissionViewController.swift in Sources */,
				1687ED5A1D5E46D00052200B /* ReviewTableViewCell.swift in Sources */,
				166F144A1D5A1C7500150A14 /* LoginViewController.swift in Sources */,
			);
			runOnlyForDeploymentPostprocessing = 0;
		};
		166F13DD1D54D95A00150A14 /* Sources */ = {
			isa = PBXSourcesBuildPhase;
			buildActionMask = 2147483647;
			files = (
				166F13E61D54D95A00150A14 /* Project_EwokTests.swift in Sources */,
			);
			runOnlyForDeploymentPostprocessing = 0;
		};
		166F13E81D54D95A00150A14 /* Sources */ = {
			isa = PBXSourcesBuildPhase;
			buildActionMask = 2147483647;
			files = (
				166F13F11D54D95A00150A14 /* Project_EwokUITests.swift in Sources */,
			);
			runOnlyForDeploymentPostprocessing = 0;
		};
/* End PBXSourcesBuildPhase section */

/* Begin PBXTargetDependency section */
		166F13E31D54D95A00150A14 /* PBXTargetDependency */ = {
			isa = PBXTargetDependency;
			target = 166F13C91D54D95A00150A14 /* Project Ewok */;
			targetProxy = 166F13E21D54D95A00150A14 /* PBXContainerItemProxy */;
		};
		166F13EE1D54D95A00150A14 /* PBXTargetDependency */ = {
			isa = PBXTargetDependency;
			target = 166F13C91D54D95A00150A14 /* Project Ewok */;
			targetProxy = 166F13ED1D54D95A00150A14 /* PBXContainerItemProxy */;
		};
/* End PBXTargetDependency section */

/* Begin PBXVariantGroup section */
		166F13D11D54D95A00150A14 /* Main.storyboard */ = {
			isa = PBXVariantGroup;
			children = (
				166F13D21D54D95A00150A14 /* Base */,
			);
			name = Main.storyboard;
			sourceTree = "<group>";
		};
		166F13D91D54D95A00150A14 /* LaunchScreen.storyboard */ = {
			isa = PBXVariantGroup;
			children = (
				166F13DA1D54D95A00150A14 /* Base */,
			);
			name = LaunchScreen.storyboard;
			sourceTree = "<group>";
		};
/* End PBXVariantGroup section */

/* Begin XCBuildConfiguration section */
		166F13F31D54D95A00150A14 /* Debug */ = {
			isa = XCBuildConfiguration;
			buildSettings = {
				ALWAYS_SEARCH_USER_PATHS = NO;
				CLANG_ANALYZER_NONNULL = YES;
				CLANG_CXX_LANGUAGE_STANDARD = "gnu++0x";
				CLANG_CXX_LIBRARY = "libc++";
				CLANG_ENABLE_MODULES = YES;
				CLANG_ENABLE_OBJC_ARC = YES;
				CLANG_WARN_BOOL_CONVERSION = YES;
				CLANG_WARN_CONSTANT_CONVERSION = YES;
				CLANG_WARN_DIRECT_OBJC_ISA_USAGE = YES_ERROR;
				CLANG_WARN_EMPTY_BODY = YES;
				CLANG_WARN_ENUM_CONVERSION = YES;
				CLANG_WARN_INT_CONVERSION = YES;
				CLANG_WARN_OBJC_ROOT_CLASS = YES_ERROR;
				CLANG_WARN_UNREACHABLE_CODE = YES;
				CLANG_WARN__DUPLICATE_METHOD_MATCH = YES;
				"CODE_SIGN_IDENTITY[sdk=iphoneos*]" = "iPhone Developer";
				COPY_PHASE_STRIP = NO;
				DEBUG_INFORMATION_FORMAT = dwarf;
				ENABLE_STRICT_OBJC_MSGSEND = YES;
				ENABLE_TESTABILITY = YES;
				GCC_C_LANGUAGE_STANDARD = gnu99;
				GCC_DYNAMIC_NO_PIC = NO;
				GCC_NO_COMMON_BLOCKS = YES;
				GCC_OPTIMIZATION_LEVEL = 0;
				GCC_PREPROCESSOR_DEFINITIONS = (
					"DEBUG=1",
					"$(inherited)",
				);
				GCC_WARN_64_TO_32_BIT_CONVERSION = YES;
				GCC_WARN_ABOUT_RETURN_TYPE = YES_ERROR;
				GCC_WARN_UNDECLARED_SELECTOR = YES;
				GCC_WARN_UNINITIALIZED_AUTOS = YES_AGGRESSIVE;
				GCC_WARN_UNUSED_FUNCTION = YES;
				GCC_WARN_UNUSED_VARIABLE = YES;
				IPHONEOS_DEPLOYMENT_TARGET = 9.3;
				MTL_ENABLE_DEBUG_INFO = YES;
				ONLY_ACTIVE_ARCH = YES;
				SDKROOT = iphoneos;
				SWIFT_OPTIMIZATION_LEVEL = "-Onone";
				TARGETED_DEVICE_FAMILY = "1,2";
			};
			name = Debug;
		};
		166F13F41D54D95A00150A14 /* Release */ = {
			isa = XCBuildConfiguration;
			buildSettings = {
				ALWAYS_SEARCH_USER_PATHS = NO;
				CLANG_ANALYZER_NONNULL = YES;
				CLANG_CXX_LANGUAGE_STANDARD = "gnu++0x";
				CLANG_CXX_LIBRARY = "libc++";
				CLANG_ENABLE_MODULES = YES;
				CLANG_ENABLE_OBJC_ARC = YES;
				CLANG_WARN_BOOL_CONVERSION = YES;
				CLANG_WARN_CONSTANT_CONVERSION = YES;
				CLANG_WARN_DIRECT_OBJC_ISA_USAGE = YES_ERROR;
				CLANG_WARN_EMPTY_BODY = YES;
				CLANG_WARN_ENUM_CONVERSION = YES;
				CLANG_WARN_INT_CONVERSION = YES;
				CLANG_WARN_OBJC_ROOT_CLASS = YES_ERROR;
				CLANG_WARN_UNREACHABLE_CODE = YES;
				CLANG_WARN__DUPLICATE_METHOD_MATCH = YES;
				"CODE_SIGN_IDENTITY[sdk=iphoneos*]" = "iPhone Developer";
				COPY_PHASE_STRIP = NO;
				DEBUG_INFORMATION_FORMAT = "dwarf-with-dsym";
				ENABLE_NS_ASSERTIONS = NO;
				ENABLE_STRICT_OBJC_MSGSEND = YES;
				GCC_C_LANGUAGE_STANDARD = gnu99;
				GCC_NO_COMMON_BLOCKS = YES;
				GCC_WARN_64_TO_32_BIT_CONVERSION = YES;
				GCC_WARN_ABOUT_RETURN_TYPE = YES_ERROR;
				GCC_WARN_UNDECLARED_SELECTOR = YES;
				GCC_WARN_UNINITIALIZED_AUTOS = YES_AGGRESSIVE;
				GCC_WARN_UNUSED_FUNCTION = YES;
				GCC_WARN_UNUSED_VARIABLE = YES;
				IPHONEOS_DEPLOYMENT_TARGET = 9.3;
				MTL_ENABLE_DEBUG_INFO = NO;
				SDKROOT = iphoneos;
				TARGETED_DEVICE_FAMILY = "1,2";
				VALIDATE_PRODUCT = YES;
			};
			name = Release;
		};
		166F13F61D54D95A00150A14 /* Debug */ = {
			isa = XCBuildConfiguration;
			buildSettings = {
				ASSETCATALOG_COMPILER_APPICON_NAME = AppIcon;
				INFOPLIST_FILE = "Project Ewok/Info.plist";
				LD_RUNPATH_SEARCH_PATHS = "$(inherited) @executable_path/Frameworks";
				PRODUCT_BUNDLE_IDENTIFIER = "edu.maine.um.asap.Project-Ewok";
				PRODUCT_NAME = "$(TARGET_NAME)";
			};
			name = Debug;
		};
		166F13F71D54D95A00150A14 /* Release */ = {
			isa = XCBuildConfiguration;
			buildSettings = {
				ASSETCATALOG_COMPILER_APPICON_NAME = AppIcon;
				INFOPLIST_FILE = "Project Ewok/Info.plist";
				LD_RUNPATH_SEARCH_PATHS = "$(inherited) @executable_path/Frameworks";
				PRODUCT_BUNDLE_IDENTIFIER = "edu.maine.um.asap.Project-Ewok";
				PRODUCT_NAME = "$(TARGET_NAME)";
			};
			name = Release;
		};
		166F13F91D54D95A00150A14 /* Debug */ = {
			isa = XCBuildConfiguration;
			buildSettings = {
				BUNDLE_LOADER = "$(TEST_HOST)";
				INFOPLIST_FILE = "Project EwokTests/Info.plist";
				LD_RUNPATH_SEARCH_PATHS = "$(inherited) @executable_path/Frameworks @loader_path/Frameworks";
				PRODUCT_BUNDLE_IDENTIFIER = "edu.maine.um.asap.Project-EwokTests";
				PRODUCT_NAME = "$(TARGET_NAME)";
				TEST_HOST = "$(BUILT_PRODUCTS_DIR)/Project Ewok.app/Project Ewok";
			};
			name = Debug;
		};
		166F13FA1D54D95A00150A14 /* Release */ = {
			isa = XCBuildConfiguration;
			buildSettings = {
				BUNDLE_LOADER = "$(TEST_HOST)";
				INFOPLIST_FILE = "Project EwokTests/Info.plist";
				LD_RUNPATH_SEARCH_PATHS = "$(inherited) @executable_path/Frameworks @loader_path/Frameworks";
				PRODUCT_BUNDLE_IDENTIFIER = "edu.maine.um.asap.Project-EwokTests";
				PRODUCT_NAME = "$(TARGET_NAME)";
				TEST_HOST = "$(BUILT_PRODUCTS_DIR)/Project Ewok.app/Project Ewok";
			};
			name = Release;
		};
		166F13FC1D54D95A00150A14 /* Debug */ = {
			isa = XCBuildConfiguration;
			buildSettings = {
				INFOPLIST_FILE = "Project EwokUITests/Info.plist";
				LD_RUNPATH_SEARCH_PATHS = "$(inherited) @executable_path/Frameworks @loader_path/Frameworks";
				PRODUCT_BUNDLE_IDENTIFIER = "edu.maine.um.asap.Project-EwokUITests";
				PRODUCT_NAME = "$(TARGET_NAME)";
				TEST_TARGET_NAME = "Project Ewok";
			};
			name = Debug;
		};
		166F13FD1D54D95A00150A14 /* Release */ = {
			isa = XCBuildConfiguration;
			buildSettings = {
				INFOPLIST_FILE = "Project EwokUITests/Info.plist";
				LD_RUNPATH_SEARCH_PATHS = "$(inherited) @executable_path/Frameworks @loader_path/Frameworks";
				PRODUCT_BUNDLE_IDENTIFIER = "edu.maine.um.asap.Project-EwokUITests";
				PRODUCT_NAME = "$(TARGET_NAME)";
				TEST_TARGET_NAME = "Project Ewok";
			};
			name = Release;
		};
/* End XCBuildConfiguration section */

/* Begin XCConfigurationList section */
		166F13C51D54D95A00150A14 /* Build configuration list for PBXProject "Project Ewok" */ = {
			isa = XCConfigurationList;
			buildConfigurations = (
				166F13F31D54D95A00150A14 /* Debug */,
				166F13F41D54D95A00150A14 /* Release */,
			);
			defaultConfigurationIsVisible = 0;
			defaultConfigurationName = Release;
		};
		166F13F51D54D95A00150A14 /* Build configuration list for PBXNativeTarget "Project Ewok" */ = {
			isa = XCConfigurationList;
			buildConfigurations = (
				166F13F61D54D95A00150A14 /* Debug */,
				166F13F71D54D95A00150A14 /* Release */,
			);
			defaultConfigurationIsVisible = 0;
			defaultConfigurationName = Release;
		};
		166F13F81D54D95A00150A14 /* Build configuration list for PBXNativeTarget "Project EwokTests" */ = {
			isa = XCConfigurationList;
			buildConfigurations = (
				166F13F91D54D95A00150A14 /* Debug */,
				166F13FA1D54D95A00150A14 /* Release */,
			);
			defaultConfigurationIsVisible = 0;
			defaultConfigurationName = Release;
		};
		166F13FB1D54D95A00150A14 /* Build configuration list for PBXNativeTarget "Project EwokUITests" */ = {
			isa = XCConfigurationList;
			buildConfigurations = (
				166F13FC1D54D95A00150A14 /* Debug */,
				166F13FD1D54D95A00150A14 /* Release */,
			);
			defaultConfigurationIsVisible = 0;
			defaultConfigurationName = Release;
		};
/* End XCConfigurationList section */

/* Begin XCVersionGroup section */
		166F13D41D54D95A00150A14 /* Project_Ewok.xcdatamodeld */ = {
			isa = XCVersionGroup;
			children = (
				166F13D51D54D95A00150A14 /* Project_Ewok.xcdatamodel */,
			);
			currentVersion = 166F13D51D54D95A00150A14 /* Project_Ewok.xcdatamodel */;
			path = Project_Ewok.xcdatamodeld;
			sourceTree = "<group>";
			versionGroupType = wrapper.xcdatamodel;
		};
/* End XCVersionGroup section */
	};
	rootObject = 166F13C21D54D95A00150A14 /* Project object */;
}
